// !$*UTF8*$!
{
	archiveVersion = 1;
	classes = {
	};
	objectVersion = 46;
	objects = {

/* Begin PBXBuildFile section */
		551F379019F8CB0300DC1875 /* AppDelegate.swift in Sources */ = {isa = PBXBuildFile; fileRef = 551F378F19F8CB0300DC1875 /* AppDelegate.swift */; };
		551F379219F8CB0300DC1875 /* ViewController.swift in Sources */ = {isa = PBXBuildFile; fileRef = 551F379119F8CB0300DC1875 /* ViewController.swift */; };
		551F379519F8CB0300DC1875 /* Main.storyboard in Resources */ = {isa = PBXBuildFile; fileRef = 551F379319F8CB0300DC1875 /* Main.storyboard */; };
		551F379719F8CB0300DC1875 /* Images.xcassets in Resources */ = {isa = PBXBuildFile; fileRef = 551F379619F8CB0300DC1875 /* Images.xcassets */; };
		551F379A19F8CB0300DC1875 /* LaunchScreen.xib in Resources */ = {isa = PBXBuildFile; fileRef = 551F379819F8CB0300DC1875 /* LaunchScreen.xib */; };
		551F37A619F8CB0300DC1875 /* PostcardTests.swift in Sources */ = {isa = PBXBuildFile; fileRef = 551F37A519F8CB0300DC1875 /* PostcardTests.swift */; };
		5586DA281A09FBEB00BB9454 /* IMG_1885.JPG in Resources */ = {isa = PBXBuildFile; fileRef = 5586DA271A09FBEB00BB9454 /* IMG_1885.JPG */; };
		5586DA2A1A0B05E800BB9454 /* IMG_1661.JPG in Resources */ = {isa = PBXBuildFile; fileRef = 5586DA291A0B05E800BB9454 /* IMG_1661.JPG */; };
/* End PBXBuildFile section */

/* Begin PBXContainerItemProxy section */
		551F37A019F8CB0300DC1875 /* PBXContainerItemProxy */ = {
			isa = PBXContainerItemProxy;
			containerPortal = 551F378219F8CB0300DC1875 /* Project object */;
			proxyType = 1;
			remoteGlobalIDString = 551F378919F8CB0300DC1875;
			remoteInfo = Postcard;
		};
/* End PBXContainerItemProxy section */

/* Begin PBXFileReference section */
		551F378A19F8CB0300DC1875 /* Postcard.app */ = {isa = PBXFileReference; explicitFileType = wrapper.application; includeInIndex = 0; path = Postcard.app; sourceTree = BUILT_PRODUCTS_DIR; };
		551F378E19F8CB0300DC1875 /* Info.plist */ = {isa = PBXFileReference; lastKnownFileType = text.plist.xml; path = Info.plist; sourceTree = "<group>"; };
		551F378F19F8CB0300DC1875 /* AppDelegate.swift */ = {isa = PBXFileReference; lastKnownFileType = sourcecode.swift; path = AppDelegate.swift; sourceTree = "<group>"; };
		551F379119F8CB0300DC1875 /* ViewController.swift */ = {isa = PBXFileReference; lastKnownFileType = sourcecode.swift; path = ViewController.swift; sourceTree = "<group>"; };
		551F379419F8CB0300DC1875 /* Base */ = {isa = PBXFileReference; lastKnownFileType = file.storyboard; name = Base; path = Base.lproj/Main.storyboard; sourceTree = "<group>"; };
		551F379619F8CB0300DC1875 /* Images.xcassets */ = {isa = PBXFileReference; lastKnownFileType = folder.assetcatalog; path = Images.xcassets; sourceTree = "<group>"; };
		551F379919F8CB0300DC1875 /* Base */ = {isa = PBXFileReference; lastKnownFileType = file.xib; name = Base; path = Base.lproj/LaunchScreen.xib; sourceTree = "<group>"; };
		551F379F19F8CB0300DC1875 /* PostcardTests.xctest */ = {isa = PBXFileReference; explicitFileType = wrapper.cfbundle; includeInIndex = 0; path = PostcardTests.xctest; sourceTree = BUILT_PRODUCTS_DIR; };
		551F37A419F8CB0300DC1875 /* Info.plist */ = {isa = PBXFileReference; lastKnownFileType = text.plist.xml; path = Info.plist; sourceTree = "<group>"; };
		551F37A519F8CB0300DC1875 /* PostcardTests.swift */ = {isa = PBXFileReference; lastKnownFileType = sourcecode.swift; path = PostcardTests.swift; sourceTree = "<group>"; };
		5586DA271A09FBEB00BB9454 /* IMG_1885.JPG */ = {isa = PBXFileReference; lastKnownFileType = image.jpeg; path = IMG_1885.JPG; sourceTree = "<group>"; };
		5586DA291A0B05E800BB9454 /* IMG_1661.JPG */ = {isa = PBXFileReference; lastKnownFileType = image.jpeg; path = IMG_1661.JPG; sourceTree = "<group>"; };
/* End PBXFileReference section */

/* Begin PBXFrameworksBuildPhase section */
		551F378719F8CB0300DC1875 /* Frameworks */ = {
			isa = PBXFrameworksBuildPhase;
			buildActionMask = 2147483647;
			files = (
			);
			runOnlyForDeploymentPostprocessing = 0;
		};
		551F379C19F8CB0300DC1875 /* Frameworks */ = {
			isa = PBXFrameworksBuildPhase;
			buildActionMask = 2147483647;
			files = (
			);
			runOnlyForDeploymentPostprocessing = 0;
		};
/* End PBXFrameworksBuildPhase section */

/* Begin PBXGroup section */
		551F378119F8CB0300DC1875 = {
			isa = PBXGroup;
			children = (
				551F378C19F8CB0300DC1875 /* Postcard */,
				551F37A219F8CB0300DC1875 /* PostcardTests */,
				551F378B19F8CB0300DC1875 /* Products */,
			);
			sourceTree = "<group>";
		};
		551F378B19F8CB0300DC1875 /* Products */ = {
			isa = PBXGroup;
			children = (
				551F378A19F8CB0300DC1875 /* Postcard.app */,
				551F379F19F8CB0300DC1875 /* PostcardTests.xctest */,
			);
			name = Products;
			sourceTree = "<group>";
		};
		551F378C19F8CB0300DC1875 /* Postcard */ = {
			isa = PBXGroup;
			children = (
				551F378F19F8CB0300DC1875 /* AppDelegate.swift */,
				551F379119F8CB0300DC1875 /* ViewController.swift */,
				551F379319F8CB0300DC1875 /* Main.storyboard */,
				551F379619F8CB0300DC1875 /* Images.xcassets */,
				551F379819F8CB0300DC1875 /* LaunchScreen.xib */,
				551F378D19F8CB0300DC1875 /* Supporting Files */,
			);
			path = Postcard;
			sourceTree = "<group>";
		};
		551F378D19F8CB0300DC1875 /* Supporting Files */ = {
			isa = PBXGroup;
			children = (
				5586DA291A0B05E800BB9454 /* IMG_1661.JPG */,
				5586DA271A09FBEB00BB9454 /* IMG_1885.JPG */,
				551F378E19F8CB0300DC1875 /* Info.plist */,
			);
			name = "Supporting Files";
			sourceTree = "<group>";
		};
		551F37A219F8CB0300DC1875 /* PostcardTests */ = {
			isa = PBXGroup;
			children = (
				551F37A519F8CB0300DC1875 /* PostcardTests.swift */,
				551F37A319F8CB0300DC1875 /* Supporting Files */,
			);
			path = PostcardTests;
			sourceTree = "<group>";
		};
		551F37A319F8CB0300DC1875 /* Supporting Files */ = {
			isa = PBXGroup;
			children = (
				551F37A419F8CB0300DC1875 /* Info.plist */,
			);
			name = "Supporting Files";
			sourceTree = "<group>";
		};
/* End PBXGroup section */

/* Begin PBXNativeTarget section */
		551F378919F8CB0300DC1875 /* Postcard */ = {
			isa = PBXNativeTarget;
			buildConfigurationList = 551F37A919F8CB0300DC1875 /* Build configuration list for PBXNativeTarget "Postcard" */;
			buildPhases = (
				551F378619F8CB0300DC1875 /* Sources */,
				551F378719F8CB0300DC1875 /* Frameworks */,
				551F378819F8CB0300DC1875 /* Resources */,
			);
			buildRules = (
			);
			dependencies = (
			);
			name = Postcard;
			productName = Postcard;
			productReference = 551F378A19F8CB0300DC1875 /* Postcard.app */;
			productType = "com.apple.product-type.application";
		};
		551F379E19F8CB0300DC1875 /* PostcardTests */ = {
			isa = PBXNativeTarget;
			buildConfigurationList = 551F37AC19F8CB0300DC1875 /* Build configuration list for PBXNativeTarget "PostcardTests" */;
			buildPhases = (
				551F379B19F8CB0300DC1875 /* Sources */,
				551F379C19F8CB0300DC1875 /* Frameworks */,
				551F379D19F8CB0300DC1875 /* Resources */,
			);
			buildRules = (
			);
			dependencies = (
				551F37A119F8CB0300DC1875 /* PBXTargetDependency */,
			);
			name = PostcardTests;
			productName = PostcardTests;
			productReference = 551F379F19F8CB0300DC1875 /* PostcardTests.xctest */;
			productType = "com.apple.product-type.bundle.unit-test";
		};
/* End PBXNativeTarget section */

/* Begin PBXProject section */
		551F378219F8CB0300DC1875 /* Project object */ = {
			isa = PBXProject;
			attributes = {
				LastUpgradeCheck = 0600;
				ORGANIZATIONNAME = "Inan Sung";
				TargetAttributes = {
					551F378919F8CB0300DC1875 = {
						CreatedOnToolsVersion = 6.0.1;
					};
					551F379E19F8CB0300DC1875 = {
						CreatedOnToolsVersion = 6.0.1;
						TestTargetID = 551F378919F8CB0300DC1875;
					};
				};
			};
			buildConfigurationList = 551F378519F8CB0300DC1875 /* Build configuration list for PBXProject "Postcard" */;
			compatibilityVersion = "Xcode 3.2";
			developmentRegion = English;
			hasScannedForEncodings = 0;
			knownRegions = (
				en,
				Base,
			);
			mainGroup = 551F378119F8CB0300DC1875;
			productRefGroup = 551F378B19F8CB0300DC1875 /* Products */;
			projectDirPath = "";
			projectRoot = "";
			targets = (
				551F378919F8CB0300DC1875 /* Postcard */,
				551F379E19F8CB0300DC1875 /* PostcardTests */,
			);
		};
/* End PBXProject section */

/* Begin PBXResourcesBuildPhase section */
		551F378819F8CB0300DC1875 /* Resources */ = {
			isa = PBXResourcesBuildPhase;
			buildActionMask = 2147483647;
			files = (
				551F379519F8CB0300DC1875 /* Main.storyboard in Resources */,
				5586DA281A09FBEB00BB9454 /* IMG_1885.JPG in Resources */,
				551F379A19F8CB0300DC1875 /* LaunchScreen.xib in Resources */,
				5586DA2A1A0B05E800BB9454 /* IMG_1661.JPG in Resources */,
				551F379719F8CB0300DC1875 /* Images.xcassets in Resources */,
			);
			runOnlyForDeploymentPostprocessing = 0;
		};
		551F379D19F8CB0300DC1875 /* Resources */ = {
			isa = PBXResourcesBuildPhase;
			buildActionMask = 2147483647;
			files = (
			);
			runOnlyForDeploymentPostprocessing = 0;
		};
/* End PBXResourcesBuildPhase section */

/* Begin PBXSourcesBuildPhase section */
		551F378619F8CB0300DC1875 /* Sources */ = {
			isa = PBXSourcesBuildPhase;
			buildActionMask = 2147483647;
			files = (
				551F379219F8CB0300DC1875 /* ViewController.swift in Sources */,
				551F379019F8CB0300DC1875 /* AppDelegate.swift in Sources */,
			);
			runOnlyForDeploymentPostprocessing = 0;
		};
		551F379B19F8CB0300DC1875 /* Sources */ = {
			isa = PBXSourcesBuildPhase;
			buildActionMask = 2147483647;
			files = (
				551F37A619F8CB0300DC1875 /* PostcardTests.swift in Sources */,
			);
			runOnlyForDeploymentPostprocessing = 0;
		};
/* End PBXSourcesBuildPhase section */

/* Begin PBXTargetDependency section */
		551F37A119F8CB0300DC1875 /* PBXTargetDependency */ = {
			isa = PBXTargetDependency;
			target = 551F378919F8CB0300DC1875 /* Postcard */;
			targetProxy = 551F37A019F8CB0300DC1875 /* PBXContainerItemProxy */;
		};
/* End PBXTargetDependency section */

/* Begin PBXVariantGroup section */
		551F379319F8CB0300DC1875 /* Main.storyboard */ = {
			isa = PBXVariantGroup;
			children = (
				551F379419F8CB0300DC1875 /* Base */,
			);
			name = Main.storyboard;
			sourceTree = "<group>";
		};
		551F379819F8CB0300DC1875 /* LaunchScreen.xib */ = {
			isa = PBXVariantGroup;
			children = (
				551F379919F8CB0300DC1875 /* Base */,
			);
			name = LaunchScreen.xib;
			sourceTree = "<group>";
		};
/* End PBXVariantGroup section */

/* Begin XCBuildConfiguration section */
		551F37A719F8CB0300DC1875 /* Debug */ = {
			isa = XCBuildConfiguration;
			buildSettings = {
				ALWAYS_SEARCH_USER_PATHS = NO;
				CLANG_CXX_LANGUAGE_STANDARD = "gnu++0x";
				CLANG_CXX_LIBRARY = "libc++";
				CLANG_ENABLE_MODULES = YES;
				CLANG_ENABLE_OBJC_ARC = YES;
				CLANG_WARN_BOOL_CONVERSION = YES;
				CLANG_WARN_CONSTANT_CONVERSION = YES;
				CLANG_WARN_DIRECT_OBJC_ISA_USAGE = YES_ERROR;
				CLANG_WARN_EMPTY_BODY = YES;
				CLANG_WARN_ENUM_CONVERSION = YES;
				CLANG_WARN_INT_CONVERSION = YES;
				CLANG_WARN_OBJC_ROOT_CLASS = YES_ERROR;
				CLANG_WARN_UNREACHABLE_CODE = YES;
				CLANG_WARN__DUPLICATE_METHOD_MATCH = YES;
				"CODE_SIGN_IDENTITY[sdk=iphoneos*]" = "iPhone Developer";
				COPY_PHASE_STRIP = NO;
				ENABLE_STRICT_OBJC_MSGSEND = YES;
				GCC_C_LANGUAGE_STANDARD = gnu99;
				GCC_DYNAMIC_NO_PIC = NO;
				GCC_OPTIMIZATION_LEVEL = 0;
				GCC_PREPROCESSOR_DEFINITIONS = (
					"DEBUG=1",
					"$(inherited)",
				);
				GCC_SYMBOLS_PRIVATE_EXTERN = NO;
				GCC_WARN_64_TO_32_BIT_CONVERSION = YES;
				GCC_WARN_ABOUT_RETURN_TYPE = YES_ERROR;
				GCC_WARN_UNDECLARED_SELECTOR = YES;
				GCC_WARN_UNINITIALIZED_AUTOS = YES_AGGRESSIVE;
				GCC_WARN_UNUSED_FUNCTION = YES;
				GCC_WARN_UNUSED_VARIABLE = YES;
				IPHONEOS_DEPLOYMENT_TARGET = 8.0;
				MTL_ENABLE_DEBUG_INFO = YES;
				ONLY_ACTIVE_ARCH = YES;
				SDKROOT = iphoneos;
				SWIFT_OPTIMIZATION_LEVEL = "-Onone";
				TARGETED_DEVICE_FAMILY = "1,2";
			};
			name = Debug;
		};
		551F37A819F8CB0300DC1875 /* Release */ = {
			isa = XCBuildConfiguration;
			buildSettings = {
				ALWAYS_SEARCH_USER_PATHS = NO;
				CLANG_CXX_LANGUAGE_STANDARD = "gnu++0x";
				CLANG_CXX_LIBRARY = "libc++";
				CLANG_ENABLE_MODULES = YES;
				CLANG_ENABLE_OBJC_ARC = YES;
				CLANG_WARN_BOOL_CONVERSION = YES;
				CLANG_WARN_CONSTANT_CONVERSION = YES;
				CLANG_WARN_DIRECT_OBJC_ISA_USAGE = YES_ERROR;
				CLANG_WARN_EMPTY_BODY = YES;
				CLANG_WARN_ENUM_CONVERSION = YES;
				CLANG_WARN_INT_CONVERSION = YES;
				CLANG_WARN_OBJC_ROOT_CLASS = YES_ERROR;
				CLANG_WARN_UNREACHABLE_CODE = YES;
				CLANG_WARN__DUPLICATE_METHOD_MATCH = YES;
				"CODE_SIGN_IDENTITY[sdk=iphoneos*]" = "iPhone Developer";
				COPY_PHASE_STRIP = YES;
				ENABLE_NS_ASSERTIONS = NO;
				ENABLE_STRICT_OBJC_MSGSEND = YES;
				GCC_C_LANGUAGE_STANDARD = gnu99;
				GCC_WARN_64_TO_32_BIT_CONVERSION = YES;
				GCC_WARN_ABOUT_RETURN_TYPE = YES_ERROR;
				GCC_WARN_UNDECLARED_SELECTOR = YES;
				GCC_WARN_UNINITIALIZED_AUTOS = YES_AGGRESSIVE;
				GCC_WARN_UNUSED_FUNCTION = YES;
				GCC_WARN_UNUSED_VARIABLE = YES;
				IPHONEOS_DEPLOYMENT_TARGET = 8.0;
				MTL_ENABLE_DEBUG_INFO = NO;
				SDKROOT = iphoneos;
				TARGETED_DEVICE_FAMILY = "1,2";
				VALIDATE_PRODUCT = YES;
			};
			name = Release;
		};
		551F37AA19F8CB0300DC1875 /* Debug */ = {
			isa = XCBuildConfiguration;
			buildSettings = {
				ASSETCATALOG_COMPILER_APPICON_NAME = AppIcon;
				INFOPLIST_FILE = Postcard/Info.plist;
				LD_RUNPATH_SEARCH_PATHS = "$(inherited) @executable_path/Frameworks";
				PRODUCT_NAME = "$(TARGET_NAME)";
			};
			name = Debug;
		};
		551F37AB19F8CB0300DC1875 /* Release */ = {
			isa = XCBuildConfiguration;
			buildSettings = {
				ASSETCATALOG_COMPILER_APPICON_NAME = AppIcon;
				INFOPLIST_FILE = Postcard/Info.plist;
				LD_RUNPATH_SEARCH_PATHS = "$(inherited) @executable_path/Frameworks";
				PRODUCT_NAME = "$(TARGET_NAME)";
			};
			name = Release;
		};
		551F37AD19F8CB0300DC1875 /* Debug */ = {
			isa = XCBuildConfiguration;
			buildSettings = {
				BUNDLE_LOADER = "$(TEST_HOST)";
				FRAMEWORK_SEARCH_PATHS = (
					"$(SDKROOT)/Developer/Library/Frameworks",
					"$(inherited)",
				);
				GCC_PREPROCESSOR_DEFINITIONS = (
					"DEBUG=1",
					"$(inherited)",
				);
				INFOPLIST_FILE = PostcardTests/Info.plist;
				LD_RUNPATH_SEARCH_PATHS = "$(inherited) @executable_path/Frameworks @loader_path/Frameworks";
				PRODUCT_NAME = "$(TARGET_NAME)";
				TEST_HOST = "$(BUILT_PRODUCTS_DIR)/Postcard.app/Postcard";
			};
			name = Debug;
		};
		551F37AE19F8CB0300DC1875 /* Release */ = {
			isa = XCBuildConfiguration;
			buildSettings = {
				BUNDLE_LOADER = "$(TEST_HOST)";
				FRAMEWORK_SEARCH_PATHS = (
					"$(SDKROOT)/Developer/Library/Frameworks",
					"$(inherited)",
				);
				INFOPLIST_FILE = PostcardTests/Info.plist;
				LD_RUNPATH_SEARCH_PATHS = "$(inherited) @executable_path/Frameworks @loader_path/Frameworks";
				PRODUCT_NAME = "$(TARGET_NAME)";
				TEST_HOST = "$(BUILT_PRODUCTS_DIR)/Postcard.app/Postcard";
			};
			name = Release;
		};
/* End XCBuildConfiguration section */

/* Begin XCConfigurationList section */
		551F378519F8CB0300DC1875 /* Build configuration list for PBXProject "Postcard" */ = {
			isa = XCConfigurationList;
			buildConfigurations = (
				551F37A719F8CB0300DC1875 /* Debug */,
				551F37A819F8CB0300DC1875 /* Release */,
			);
			defaultConfigurationIsVisible = 0;
			defaultConfigurationName = Release;
		};
		551F37A919F8CB0300DC1875 /* Build configuration list for PBXNativeTarget "Postcard" */ = {
			isa = XCConfigurationList;
			buildConfigurations = (
				551F37AA19F8CB0300DC1875 /* Debug */,
				551F37AB19F8CB0300DC1875 /* Release */,
			);
			defaultConfigurationIsVisible = 0;
			defaultConfigurationName = Release;
		};
		551F37AC19F8CB0300DC1875 /* Build configuration list for PBXNativeTarget "PostcardTests" */ = {
			isa = XCConfigurationList;
			buildConfigurations = (
				551F37AD19F8CB0300DC1875 /* Debug */,
				551F37AE19F8CB0300DC1875 /* Release */,
			);
			defaultConfigurationIsVisible = 0;
			defaultConfigurationName = Release;
		};
/* End XCConfigurationList section */
	};
	rootObject = 551F378219F8CB0300DC1875 /* Project object */;
}
